
Microsoft Visual Studio Solution File, Format Version 12.00
# Visual Studio Version 16
VisualStudioVersion = 16.0.31005.135
MinimumVisualStudioVersion = 10.0.40219.1
Project("{9A19103F-16F7-4668-BE54-9A1E7A4F7556}") = "Announcer", "Announcer\Announcer.csproj", "{21AB9E9F-B8C2-49A1-B5D4-E90F5B6AEFC7}"
EndProject
Global
	GlobalSection(SolutionConfigurationPlatforms) = preSolution
		Debug|Any CPU = Debug|Any CPU
		Release|Any CPU = Release|Any CPU
	EndGlobalSection
	GlobalSection(ProjectConfigurationPlatforms) = postSolution
		{21AB9E9F-B8C2-49A1-B5D4-E90F5B6AEFC7}.Debug|Any CPU.ActiveCfg = Debug|Any CPU
		{21AB9E9F-B8C2-49A1-B5D4-E90F5B6AEFC7}.Debug|Any CPU.Build.0 = Debug|Any CPU
		{21AB9E9F-B8C2-49A1-B5D4-E90F5B6AEFC7}.Release|Any CPU.ActiveCfg = Release|Any CPU
		{21AB9E9F-B8C2-49A1-B5D4-E90F5B6AEFC7}.Release|Any CPU.Build.0 = Release|Any CPU
	EndGlobalSection
	GlobalSection(SolutionProperties) = preSolution
		HideSolutionNode = FALSE
	EndGlobalSection
	GlobalSection(ExtensibilityGlobals) = postSolution
		SolutionGuid = {30E07CD7-103B-41A1-8363-9D3D59118F5F}
	EndGlobalSection
EndGlobal
